
Microsoft Visual Studio Solution File, Format Version 12.00
# Visual Studio Version 16
VisualStudioVersion = 16.0.31019.35
MinimumVisualStudioVersion = 10.0.40219.1
Project("{8BC9CEB8-8B4A-11D0-8D11-00A0C91BC942}") = "RelayStatic", "RelayStatic.vcxproj", "{46FF8E04-FC07-4F36-B37E-BECEAD3EBC44}"
EndProject
Global
	GlobalSection(SolutionConfigurationPlatforms) = preSolution
		Debug|x64 = Debug|x64
		Release|x64 = Release|x64
	EndGlobalSection
	GlobalSection(ProjectConfigurationPlatforms) = postSolution
		{46FF8E04-FC07-4F36-B37E-BECEAD3EBC44}.Debug|x64.ActiveCfg = Debug|x64
		{46FF8E04-FC07-4F36-B37E-BECEAD3EBC44}.Debug|x64.Build.0 = Debug|x64
		{46FF8E04-FC07-4F36-B37E-BECEAD3EBC44}.Release|x64.ActiveCfg = Release|x64
		{46FF8E04-FC07-4F36-B37E-BECEAD3EBC44}.Release|x64.Build.0 = Release|x64
	EndGlobalSection
	GlobalSection(SolutionProperties) = preSolution
		HideSolutionNode = FALSE
	EndGlobalSection
	GlobalSection(ExtensibilityGlobals) = postSolution
		SolutionGuid = {825C57CE-A891-449C-A011-EECDCE2B7E55}
	EndGlobalSection
EndGlobal
